// !$*UTF8*$!
{
	archiveVersion = 1;
	classes = {
	};
	objectVersion = 50;
	objects = {

/* Begin PBXBuildFile section */
		3E651324254F95850081BE5F /* AppDelegate.swift in Sources */ = {isa = PBXBuildFile; fileRef = 3E651323254F95850081BE5F /* AppDelegate.swift */; };
		3E651326254F95850081BE5F /* SceneDelegate.swift in Sources */ = {isa = PBXBuildFile; fileRef = 3E651325254F95850081BE5F /* SceneDelegate.swift */; };
		3E651328254F95850081BE5F /* ViewController.swift in Sources */ = {isa = PBXBuildFile; fileRef = 3E651327254F95850081BE5F /* ViewController.swift */; };
		3E65132B254F95850081BE5F /* Main.storyboard in Resources */ = {isa = PBXBuildFile; fileRef = 3E651329254F95850081BE5F /* Main.storyboard */; };
		3E65132D254F95880081BE5F /* Assets.xcassets in Resources */ = {isa = PBXBuildFile; fileRef = 3E65132C254F95880081BE5F /* Assets.xcassets */; };
		3E651330254F95880081BE5F /* LaunchScreen.storyboard in Resources */ = {isa = PBXBuildFile; fileRef = 3E65132E254F95880081BE5F /* LaunchScreen.storyboard */; };
		3E65133B254F95880081BE5F /* DoSwiftTests.swift in Sources */ = {isa = PBXBuildFile; fileRef = 3E65133A254F95880081BE5F /* DoSwiftTests.swift */; };
		3E651346254F95880081BE5F /* DoSwiftUITests.swift in Sources */ = {isa = PBXBuildFile; fileRef = 3E651345254F95880081BE5F /* DoSwiftUITests.swift */; };
/* End PBXBuildFile section */

/* Begin PBXContainerItemProxy section */
		3E651337254F95880081BE5F /* PBXContainerItemProxy */ = {
			isa = PBXContainerItemProxy;
			containerPortal = 3E651318254F95850081BE5F /* Project object */;
			proxyType = 1;
			remoteGlobalIDString = 3E65131F254F95850081BE5F;
			remoteInfo = DoSwift;
		};
		3E651342254F95880081BE5F /* PBXContainerItemProxy */ = {
			isa = PBXContainerItemProxy;
			containerPortal = 3E651318254F95850081BE5F /* Project object */;
			proxyType = 1;
			remoteGlobalIDString = 3E65131F254F95850081BE5F;
			remoteInfo = DoSwift;
		};
/* End PBXContainerItemProxy section */

/* Begin PBXFileReference section */
		3E651320254F95850081BE5F /* DoSwift.app */ = {isa = PBXFileReference; explicitFileType = wrapper.application; includeInIndex = 0; path = DoSwift.app; sourceTree = BUILT_PRODUCTS_DIR; };
		3E651323254F95850081BE5F /* AppDelegate.swift */ = {isa = PBXFileReference; lastKnownFileType = sourcecode.swift; path = AppDelegate.swift; sourceTree = "<group>"; };
		3E651325254F95850081BE5F /* SceneDelegate.swift */ = {isa = PBXFileReference; lastKnownFileType = sourcecode.swift; path = SceneDelegate.swift; sourceTree = "<group>"; };
		3E651327254F95850081BE5F /* ViewController.swift */ = {isa = PBXFileReference; lastKnownFileType = sourcecode.swift; path = ViewController.swift; sourceTree = "<group>"; };
		3E65132A254F95850081BE5F /* Base */ = {isa = PBXFileReference; lastKnownFileType = file.storyboard; name = Base; path = Base.lproj/Main.storyboard; sourceTree = "<group>"; };
		3E65132C254F95880081BE5F /* Assets.xcassets */ = {isa = PBXFileReference; lastKnownFileType = folder.assetcatalog; path = Assets.xcassets; sourceTree = "<group>"; };
		3E65132F254F95880081BE5F /* Base */ = {isa = PBXFileReference; lastKnownFileType = file.storyboard; name = Base; path = Base.lproj/LaunchScreen.storyboard; sourceTree = "<group>"; };
		3E651331254F95880081BE5F /* Info.plist */ = {isa = PBXFileReference; lastKnownFileType = text.plist.xml; path = Info.plist; sourceTree = "<group>"; };
		3E651336254F95880081BE5F /* DoSwiftTests.xctest */ = {isa = PBXFileReference; explicitFileType = wrapper.cfbundle; includeInIndex = 0; path = DoSwiftTests.xctest; sourceTree = BUILT_PRODUCTS_DIR; };
		3E65133A254F95880081BE5F /* DoSwiftTests.swift */ = {isa = PBXFileReference; lastKnownFileType = sourcecode.swift; path = DoSwiftTests.swift; sourceTree = "<group>"; };
		3E65133C254F95880081BE5F /* Info.plist */ = {isa = PBXFileReference; lastKnownFileType = text.plist.xml; path = Info.plist; sourceTree = "<group>"; };
		3E651341254F95880081BE5F /* DoSwiftUITests.xctest */ = {isa = PBXFileReference; explicitFileType = wrapper.cfbundle; includeInIndex = 0; path = DoSwiftUITests.xctest; sourceTree = BUILT_PRODUCTS_DIR; };
		3E651345254F95880081BE5F /* DoSwiftUITests.swift */ = {isa = PBXFileReference; lastKnownFileType = sourcecode.swift; path = DoSwiftUITests.swift; sourceTree = "<group>"; };
		3E651347254F95880081BE5F /* Info.plist */ = {isa = PBXFileReference; lastKnownFileType = text.plist.xml; path = Info.plist; sourceTree = "<group>"; };
/* End PBXFileReference section */

/* Begin PBXFrameworksBuildPhase section */
		3E65131D254F95850081BE5F /* Frameworks */ = {
			isa = PBXFrameworksBuildPhase;
			buildActionMask = 2147483647;
			files = (
			);
			runOnlyForDeploymentPostprocessing = 0;
		};
		3E651333254F95880081BE5F /* Frameworks */ = {
			isa = PBXFrameworksBuildPhase;
			buildActionMask = 2147483647;
			files = (
			);
			runOnlyForDeploymentPostprocessing = 0;
		};
		3E65133E254F95880081BE5F /* Frameworks */ = {
			isa = PBXFrameworksBuildPhase;
			buildActionMask = 2147483647;
			files = (
			);
			runOnlyForDeploymentPostprocessing = 0;
		};
/* End PBXFrameworksBuildPhase section */

/* Begin PBXGroup section */
		3E651317254F95850081BE5F = {
			isa = PBXGroup;
			children = (
				3E651322254F95850081BE5F /* DoSwift */,
				3E651339254F95880081BE5F /* DoSwiftTests */,
				3E651344254F95880081BE5F /* DoSwiftUITests */,
				3E651321254F95850081BE5F /* Products */,
			);
			sourceTree = "<group>";
		};
		3E651321254F95850081BE5F /* Products */ = {
			isa = PBXGroup;
			children = (
				3E651320254F95850081BE5F /* DoSwift.app */,
				3E651336254F95880081BE5F /* DoSwiftTests.xctest */,
				3E651341254F95880081BE5F /* DoSwiftUITests.xctest */,
			);
			name = Products;
			sourceTree = "<group>";
		};
		3E651322254F95850081BE5F /* DoSwift */ = {
			isa = PBXGroup;
			children = (
				3E651323254F95850081BE5F /* AppDelegate.swift */,
				3E651325254F95850081BE5F /* SceneDelegate.swift */,
				3E651327254F95850081BE5F /* ViewController.swift */,
				3E651329254F95850081BE5F /* Main.storyboard */,
				3E65132C254F95880081BE5F /* Assets.xcassets */,
				3E65132E254F95880081BE5F /* LaunchScreen.storyboard */,
				3E651331254F95880081BE5F /* Info.plist */,
			);
			path = DoSwift;
			sourceTree = "<group>";
		};
		3E651339254F95880081BE5F /* DoSwiftTests */ = {
			isa = PBXGroup;
			children = (
				3E65133A254F95880081BE5F /* DoSwiftTests.swift */,
				3E65133C254F95880081BE5F /* Info.plist */,
			);
			path = DoSwiftTests;
			sourceTree = "<group>";
		};
		3E651344254F95880081BE5F /* DoSwiftUITests */ = {
			isa = PBXGroup;
			children = (
				3E651345254F95880081BE5F /* DoSwiftUITests.swift */,
				3E651347254F95880081BE5F /* Info.plist */,
			);
			path = DoSwiftUITests;
			sourceTree = "<group>";
		};
/* End PBXGroup section */

/* Begin PBXNativeTarget section */
		3E65131F254F95850081BE5F /* DoSwift */ = {
			isa = PBXNativeTarget;
			buildConfigurationList = 3E65134A254F95880081BE5F /* Build configuration list for PBXNativeTarget "DoSwift" */;
			buildPhases = (
				3E65131C254F95850081BE5F /* Sources */,
				3E65131D254F95850081BE5F /* Frameworks */,
				3E65131E254F95850081BE5F /* Resources */,
			);
			buildRules = (
			);
			dependencies = (
			);
			name = DoSwift;
			productName = DoSwift;
			productReference = 3E651320254F95850081BE5F /* DoSwift.app */;
			productType = "com.apple.product-type.application";
		};
		3E651335254F95880081BE5F /* DoSwiftTests */ = {
			isa = PBXNativeTarget;
			buildConfigurationList = 3E65134D254F95880081BE5F /* Build configuration list for PBXNativeTarget "DoSwiftTests" */;
			buildPhases = (
				3E651332254F95880081BE5F /* Sources */,
				3E651333254F95880081BE5F /* Frameworks */,
				3E651334254F95880081BE5F /* Resources */,
			);
			buildRules = (
			);
			dependencies = (
				3E651338254F95880081BE5F /* PBXTargetDependency */,
			);
			name = DoSwiftTests;
			productName = DoSwiftTests;
			productReference = 3E651336254F95880081BE5F /* DoSwiftTests.xctest */;
			productType = "com.apple.product-type.bundle.unit-test";
		};
		3E651340254F95880081BE5F /* DoSwiftUITests */ = {
			isa = PBXNativeTarget;
			buildConfigurationList = 3E651350254F95880081BE5F /* Build configuration list for PBXNativeTarget "DoSwiftUITests" */;
			buildPhases = (
				3E65133D254F95880081BE5F /* Sources */,
				3E65133E254F95880081BE5F /* Frameworks */,
				3E65133F254F95880081BE5F /* Resources */,
			);
			buildRules = (
			);
			dependencies = (
				3E651343254F95880081BE5F /* PBXTargetDependency */,
			);
			name = DoSwiftUITests;
			productName = DoSwiftUITests;
			productReference = 3E651341254F95880081BE5F /* DoSwiftUITests.xctest */;
			productType = "com.apple.product-type.bundle.ui-testing";
		};
/* End PBXNativeTarget section */

/* Begin PBXProject section */
		3E651318254F95850081BE5F /* Project object */ = {
			isa = PBXProject;
			attributes = {
				LastSwiftUpdateCheck = 1200;
				LastUpgradeCheck = 1200;
				TargetAttributes = {
					3E65131F254F95850081BE5F = {
						CreatedOnToolsVersion = 12.0;
					};
					3E651335254F95880081BE5F = {
						CreatedOnToolsVersion = 12.0;
						TestTargetID = 3E65131F254F95850081BE5F;
					};
					3E651340254F95880081BE5F = {
						CreatedOnToolsVersion = 12.0;
						TestTargetID = 3E65131F254F95850081BE5F;
					};
				};
			};
			buildConfigurationList = 3E65131B254F95850081BE5F /* Build configuration list for PBXProject "DoSwift" */;
			compatibilityVersion = "Xcode 9.3";
			developmentRegion = en;
			hasScannedForEncodings = 0;
			knownRegions = (
				en,
				Base,
			);
			mainGroup = 3E651317254F95850081BE5F;
			productRefGroup = 3E651321254F95850081BE5F /* Products */;
			projectDirPath = "";
			projectRoot = "";
			targets = (
				3E65131F254F95850081BE5F /* DoSwift */,
				3E651335254F95880081BE5F /* DoSwiftTests */,
				3E651340254F95880081BE5F /* DoSwiftUITests */,
			);
		};
/* End PBXProject section */

/* Begin PBXResourcesBuildPhase section */
		3E65131E254F95850081BE5F /* Resources */ = {
			isa = PBXResourcesBuildPhase;
			buildActionMask = 2147483647;
			files = (
				3E651330254F95880081BE5F /* LaunchScreen.storyboard in Resources */,
				3E65132D254F95880081BE5F /* Assets.xcassets in Resources */,
				3E65132B254F95850081BE5F /* Main.storyboard in Resources */,
			);
			runOnlyForDeploymentPostprocessing = 0;
		};
		3E651334254F95880081BE5F /* Resources */ = {
			isa = PBXResourcesBuildPhase;
			buildActionMask = 2147483647;
			files = (
			);
			runOnlyForDeploymentPostprocessing = 0;
		};
		3E65133F254F95880081BE5F /* Resources */ = {
			isa = PBXResourcesBuildPhase;
			buildActionMask = 2147483647;
			files = (
			);
			runOnlyForDeploymentPostprocessing = 0;
		};
/* End PBXResourcesBuildPhase section */

/* Begin PBXSourcesBuildPhase section */
		3E65131C254F95850081BE5F /* Sources */ = {
			isa = PBXSourcesBuildPhase;
			buildActionMask = 2147483647;
			files = (
				3E651328254F95850081BE5F /* ViewController.swift in Sources */,
				3E651324254F95850081BE5F /* AppDelegate.swift in Sources */,
				3E651326254F95850081BE5F /* SceneDelegate.swift in Sources */,
			);
			runOnlyForDeploymentPostprocessing = 0;
		};
		3E651332254F95880081BE5F /* Sources */ = {
			isa = PBXSourcesBuildPhase;
			buildActionMask = 2147483647;
			files = (
				3E65133B254F95880081BE5F /* DoSwiftTests.swift in Sources */,
			);
			runOnlyForDeploymentPostprocessing = 0;
		};
		3E65133D254F95880081BE5F /* Sources */ = {
			isa = PBXSourcesBuildPhase;
			buildActionMask = 2147483647;
			files = (
				3E651346254F95880081BE5F /* DoSwiftUITests.swift in Sources */,
			);
			runOnlyForDeploymentPostprocessing = 0;
		};
/* End PBXSourcesBuildPhase section */

/* Begin PBXTargetDependency section */
		3E651338254F95880081BE5F /* PBXTargetDependency */ = {
			isa = PBXTargetDependency;
			target = 3E65131F254F95850081BE5F /* DoSwift */;
			targetProxy = 3E651337254F95880081BE5F /* PBXContainerItemProxy */;
		};
		3E651343254F95880081BE5F /* PBXTargetDependency */ = {
			isa = PBXTargetDependency;
			target = 3E65131F254F95850081BE5F /* DoSwift */;
			targetProxy = 3E651342254F95880081BE5F /* PBXContainerItemProxy */;
		};
/* End PBXTargetDependency section */

/* Begin PBXVariantGroup section */
		3E651329254F95850081BE5F /* Main.storyboard */ = {
			isa = PBXVariantGroup;
			children = (
				3E65132A254F95850081BE5F /* Base */,
			);
			name = Main.storyboard;
			sourceTree = "<group>";
		};
		3E65132E254F95880081BE5F /* LaunchScreen.storyboard */ = {
			isa = PBXVariantGroup;
			children = (
				3E65132F254F95880081BE5F /* Base */,
			);
			name = LaunchScreen.storyboard;
			sourceTree = "<group>";
		};
/* End PBXVariantGroup section */

/* Begin XCBuildConfiguration section */
		3E651348254F95880081BE5F /* Debug */ = {
			isa = XCBuildConfiguration;
			buildSettings = {
				ALWAYS_SEARCH_USER_PATHS = NO;
				CLANG_ANALYZER_NONNULL = YES;
				CLANG_ANALYZER_NUMBER_OBJECT_CONVERSION = YES_AGGRESSIVE;
				CLANG_CXX_LANGUAGE_STANDARD = "gnu++14";
				CLANG_CXX_LIBRARY = "libc++";
				CLANG_ENABLE_MODULES = YES;
				CLANG_ENABLE_OBJC_ARC = YES;
				CLANG_ENABLE_OBJC_WEAK = YES;
				CLANG_WARN_BLOCK_CAPTURE_AUTORELEASING = YES;
				CLANG_WARN_BOOL_CONVERSION = YES;
				CLANG_WARN_COMMA = YES;
				CLANG_WARN_CONSTANT_CONVERSION = YES;
				CLANG_WARN_DEPRECATED_OBJC_IMPLEMENTATIONS = YES;
				CLANG_WARN_DIRECT_OBJC_ISA_USAGE = YES_ERROR;
				CLANG_WARN_DOCUMENTATION_COMMENTS = YES;
				CLANG_WARN_EMPTY_BODY = YES;
				CLANG_WARN_ENUM_CONVERSION = YES;
				CLANG_WARN_INFINITE_RECURSION = YES;
				CLANG_WARN_INT_CONVERSION = YES;
				CLANG_WARN_NON_LITERAL_NULL_CONVERSION = YES;
				CLANG_WARN_OBJC_IMPLICIT_RETAIN_SELF = YES;
				CLANG_WARN_OBJC_LITERAL_CONVERSION = YES;
				CLANG_WARN_OBJC_ROOT_CLASS = YES_ERROR;
				CLANG_WARN_QUOTED_INCLUDE_IN_FRAMEWORK_HEADER = YES;
				CLANG_WARN_RANGE_LOOP_ANALYSIS = YES;
				CLANG_WARN_STRICT_PROTOTYPES = YES;
				CLANG_WARN_SUSPICIOUS_MOVE = YES;
				CLANG_WARN_UNGUARDED_AVAILABILITY = YES_AGGRESSIVE;
				CLANG_WARN_UNREACHABLE_CODE = YES;
				CLANG_WARN__DUPLICATE_METHOD_MATCH = YES;
				COPY_PHASE_STRIP = NO;
				DEBUG_INFORMATION_FORMAT = dwarf;
				ENABLE_STRICT_OBJC_MSGSEND = YES;
				ENABLE_TESTABILITY = YES;
				GCC_C_LANGUAGE_STANDARD = gnu11;
				GCC_DYNAMIC_NO_PIC = NO;
				GCC_NO_COMMON_BLOCKS = YES;
				GCC_OPTIMIZATION_LEVEL = 0;
				GCC_PREPROCESSOR_DEFINITIONS = (
					"DEBUG=1",
					"$(inherited)",
				);
				GCC_WARN_64_TO_32_BIT_CONVERSION = YES;
				GCC_WARN_ABOUT_RETURN_TYPE = YES_ERROR;
				GCC_WARN_UNDECLARED_SELECTOR = YES;
				GCC_WARN_UNINITIALIZED_AUTOS = YES_AGGRESSIVE;
				GCC_WARN_UNUSED_FUNCTION = YES;
				GCC_WARN_UNUSED_VARIABLE = YES;
				IPHONEOS_DEPLOYMENT_TARGET = 14.0;
				MTL_ENABLE_DEBUG_INFO = INCLUDE_SOURCE;
				MTL_FAST_MATH = YES;
				ONLY_ACTIVE_ARCH = YES;
				SDKROOT = iphoneos;
				SWIFT_ACTIVE_COMPILATION_CONDITIONS = DEBUG;
				SWIFT_OPTIMIZATION_LEVEL = "-Onone";
			};
			name = Debug;
		};
		3E651349254F95880081BE5F /* Release */ = {
			isa = XCBuildConfiguration;
			buildSettings = {
				ALWAYS_SEARCH_USER_PATHS = NO;
				CLANG_ANALYZER_NONNULL = YES;
				CLANG_ANALYZER_NUMBER_OBJECT_CONVERSION = YES_AGGRESSIVE;
				CLANG_CXX_LANGUAGE_STANDARD = "gnu++14";
				CLANG_CXX_LIBRARY = "libc++";
				CLANG_ENABLE_MODULES = YES;
				CLANG_ENABLE_OBJC_ARC = YES;
				CLANG_ENABLE_OBJC_WEAK = YES;
				CLANG_WARN_BLOCK_CAPTURE_AUTORELEASING = YES;
				CLANG_WARN_BOOL_CONVERSION = YES;
				CLANG_WARN_COMMA = YES;
				CLANG_WARN_CONSTANT_CONVERSION = YES;
				CLANG_WARN_DEPRECATED_OBJC_IMPLEMENTATIONS = YES;
				CLANG_WARN_DIRECT_OBJC_ISA_USAGE = YES_ERROR;
				CLANG_WARN_DOCUMENTATION_COMMENTS = YES;
				CLANG_WARN_EMPTY_BODY = YES;
				CLANG_WARN_ENUM_CONVERSION = YES;
				CLANG_WARN_INFINITE_RECURSION = YES;
				CLANG_WARN_INT_CONVERSION = YES;
				CLANG_WARN_NON_LITERAL_NULL_CONVERSION = YES;
				CLANG_WARN_OBJC_IMPLICIT_RETAIN_SELF = YES;
				CLANG_WARN_OBJC_LITERAL_CONVERSION = YES;
				CLANG_WARN_OBJC_ROOT_CLASS = YES_ERROR;
				CLANG_WARN_QUOTED_INCLUDE_IN_FRAMEWORK_HEADER = YES;
				CLANG_WARN_RANGE_LOOP_ANALYSIS = YES;
				CLANG_WARN_STRICT_PROTOTYPES = YES;
				CLANG_WARN_SUSPICIOUS_MOVE = YES;
				CLANG_WARN_UNGUARDED_AVAILABILITY = YES_AGGRESSIVE;
				CLANG_WARN_UNREACHABLE_CODE = YES;
				CLANG_WARN__DUPLICATE_METHOD_MATCH = YES;
				COPY_PHASE_STRIP = NO;
				DEBUG_INFORMATION_FORMAT = "dwarf-with-dsym";
				ENABLE_NS_ASSERTIONS = NO;
				ENABLE_STRICT_OBJC_MSGSEND = YES;
				GCC_C_LANGUAGE_STANDARD = gnu11;
				GCC_NO_COMMON_BLOCKS = YES;
				GCC_WARN_64_TO_32_BIT_CONVERSION = YES;
				GCC_WARN_ABOUT_RETURN_TYPE = YES_ERROR;
				GCC_WARN_UNDECLARED_SELECTOR = YES;
				GCC_WARN_UNINITIALIZED_AUTOS = YES_AGGRESSIVE;
				GCC_WARN_UNUSED_FUNCTION = YES;
				GCC_WARN_UNUSED_VARIABLE = YES;
				IPHONEOS_DEPLOYMENT_TARGET = 14.0;
				MTL_ENABLE_DEBUG_INFO = NO;
				MTL_FAST_MATH = YES;
				SDKROOT = iphoneos;
				SWIFT_COMPILATION_MODE = wholemodule;
				SWIFT_OPTIMIZATION_LEVEL = "-O";
				VALIDATE_PRODUCT = YES;
			};
			name = Release;
		};
		3E65134B254F95880081BE5F /* Debug */ = {
			isa = XCBuildConfiguration;
			buildSettings = {
				ASSETCATALOG_COMPILER_APPICON_NAME = AppIcon;
				ASSETCATALOG_COMPILER_GLOBAL_ACCENT_COLOR_NAME = AccentColor;
				CODE_SIGN_STYLE = Automatic;
				DEVELOPMENT_TEAM = KRT35S32U9;
				INFOPLIST_FILE = DoSwift/Info.plist;
				LD_RUNPATH_SEARCH_PATHS = (
					"$(inherited)",
					"@executable_path/Frameworks",
				);
				PRODUCT_BUNDLE_IDENTIFIER = DD.DoSwift;
				PRODUCT_NAME = "$(TARGET_NAME)";
				SWIFT_VERSION = 5.0;
				TARGETED_DEVICE_FAMILY = "1,2";
			};
			name = Debug;
		};
		3E65134C254F95880081BE5F /* Release */ = {
			isa = XCBuildConfiguration;
			buildSettings = {
				ASSETCATALOG_COMPILER_APPICON_NAME = AppIcon;
				ASSETCATALOG_COMPILER_GLOBAL_ACCENT_COLOR_NAME = AccentColor;
				CODE_SIGN_STYLE = Automatic;
				DEVELOPMENT_TEAM = KRT35S32U9;
				INFOPLIST_FILE = DoSwift/Info.plist;
				LD_RUNPATH_SEARCH_PATHS = (
					"$(inherited)",
					"@executable_path/Frameworks",
				);
				PRODUCT_BUNDLE_IDENTIFIER = DD.DoSwift;
				PRODUCT_NAME = "$(TARGET_NAME)";
				SWIFT_VERSION = 5.0;
				TARGETED_DEVICE_FAMILY = "1,2";
			};
			name = Release;
		};
		3E65134E254F95880081BE5F /* Debug */ = {
			isa = XCBuildConfiguration;
			buildSettings = {
				ALWAYS_EMBED_SWIFT_STANDARD_LIBRARIES = YES;
				BUNDLE_LOADER = "$(TEST_HOST)";
				CODE_SIGN_STYLE = Automatic;
				DEVELOPMENT_TEAM = KRT35S32U9;
				INFOPLIST_FILE = DoSwiftTests/Info.plist;
				IPHONEOS_DEPLOYMENT_TARGET = 14.0;
				LD_RUNPATH_SEARCH_PATHS = (
					"$(inherited)",
					"@executable_path/Frameworks",
					"@loader_path/Frameworks",
				);
				PRODUCT_BUNDLE_IDENTIFIER = DD.DoSwiftTests;
				PRODUCT_NAME = "$(TARGET_NAME)";
				SWIFT_VERSION = 5.0;
				TARGETED_DEVICE_FAMILY = "1,2";
				TEST_HOST = "$(BUILT_PRODUCTS_DIR)/DoSwift.app/DoSwift";
			};
			name = Debug;
		};
		3E65134F254F95880081BE5F /* Release */ = {
			isa = XCBuildConfiguration;
			buildSettings = {
				ALWAYS_EMBED_SWIFT_STANDARD_LIBRARIES = YES;
				BUNDLE_LOADER = "$(TEST_HOST)";
				CODE_SIGN_STYLE = Automatic;
				DEVELOPMENT_TEAM = KRT35S32U9;
				INFOPLIST_FILE = DoSwiftTests/Info.plist;
				IPHONEOS_DEPLOYMENT_TARGET = 14.0;
				LD_RUNPATH_SEARCH_PATHS = (
					"$(inherited)",
					"@executable_path/Frameworks",
					"@loader_path/Frameworks",
				);
				PRODUCT_BUNDLE_IDENTIFIER = DD.DoSwiftTests;
				PRODUCT_NAME = "$(TARGET_NAME)";
				SWIFT_VERSION = 5.0;
				TARGETED_DEVICE_FAMILY = "1,2";
				TEST_HOST = "$(BUILT_PRODUCTS_DIR)/DoSwift.app/DoSwift";
			};
			name = Release;
		};
		3E651351254F95880081BE5F /* Debug */ = {
			isa = XCBuildConfiguration;
			buildSettings = {
				ALWAYS_EMBED_SWIFT_STANDARD_LIBRARIES = YES;
				CODE_SIGN_STYLE = Automatic;
				DEVELOPMENT_TEAM = KRT35S32U9;
				INFOPLIST_FILE = DoSwiftUITests/Info.plist;
				LD_RUNPATH_SEARCH_PATHS = (
					"$(inherited)",
					"@executable_path/Frameworks",
					"@loader_path/Frameworks",
				);
				PRODUCT_BUNDLE_IDENTIFIER = DD.DoSwiftUITests;
				PRODUCT_NAME = "$(TARGET_NAME)";
				SWIFT_VERSION = 5.0;
				TARGETED_DEVICE_FAMILY = "1,2";
				TEST_TARGET_NAME = DoSwift;
			};
			name = Debug;
		};
		3E651352254F95880081BE5F /* Release */ = {
			isa = XCBuildConfiguration;
			buildSettings = {
				ALWAYS_EMBED_SWIFT_STANDARD_LIBRARIES = YES;
				CODE_SIGN_STYLE = Automatic;
				DEVELOPMENT_TEAM = KRT35S32U9;
				INFOPLIST_FILE = DoSwiftUITests/Info.plist;
				LD_RUNPATH_SEARCH_PATHS = (
					"$(inherited)",
					"@executable_path/Frameworks",
					"@loader_path/Frameworks",
				);
				PRODUCT_BUNDLE_IDENTIFIER = DD.DoSwiftUITests;
				PRODUCT_NAME = "$(TARGET_NAME)";
				SWIFT_VERSION = 5.0;
				TARGETED_DEVICE_FAMILY = "1,2";
				TEST_TARGET_NAME = DoSwift;
			};
			name = Release;
		};
/* End XCBuildConfiguration section */

/* Begin XCConfigurationList section */
		3E65131B254F95850081BE5F /* Build configuration list for PBXProject "DoSwift" */ = {
			isa = XCConfigurationList;
			buildConfigurations = (
				3E651348254F95880081BE5F /* Debug */,
				3E651349254F95880081BE5F /* Release */,
			);
			defaultConfigurationIsVisible = 0;
			defaultConfigurationName = Release;
		};
		3E65134A254F95880081BE5F /* Build configuration list for PBXNativeTarget "DoSwift" */ = {
			isa = XCConfigurationList;
			buildConfigurations = (
				3E65134B254F95880081BE5F /* Debug */,
				3E65134C254F95880081BE5F /* Release */,
			);
			defaultConfigurationIsVisible = 0;
			defaultConfigurationName = Release;
		};
		3E65134D254F95880081BE5F /* Build configuration list for PBXNativeTarget "DoSwiftTests" */ = {
			isa = XCConfigurationList;
			buildConfigurations = (
				3E65134E254F95880081BE5F /* Debug */,
				3E65134F254F95880081BE5F /* Release */,
			);
			defaultConfigurationIsVisible = 0;
			defaultConfigurationName = Release;
		};
		3E651350254F95880081BE5F /* Build configuration list for PBXNativeTarget "DoSwiftUITests" */ = {
			isa = XCConfigurationList;
			buildConfigurations = (
				3E651351254F95880081BE5F /* Debug */,
				3E651352254F95880081BE5F /* Release */,
			);
			defaultConfigurationIsVisible = 0;
			defaultConfigurationName = Release;
		};
/* End XCConfigurationList section */
	};
	rootObject = 3E651318254F95850081BE5F /* Project object */;
}
